{
  "version": 4,
  "terraform_version": "1.1.2",
  "serial": 11,
  "lineage": "36a0910d-cead-a9cc-bd82-091f626435b1",
  "outputs": {},
  "resources": [
    {
      "mode": "managed",
      "type": "github_repository",
      "name": "tf-git2",
      "provider": "provider[\"registry.terraform.io/hashicorp/github\"]",
      "instances": [
        {
          "schema_version": 0,
          "attributes": {
            "allow_auto_merge": false,
            "allow_merge_commit": true,
            "allow_rebase_merge": true,
            "allow_squash_merge": true,
            "archive_on_destroy": null,
            "archived": false,
            "auto_init": true,
            "branches": [
              {
                "name": "main",
                "protected": false
              }
            ],
            "default_branch": "main",
            "delete_branch_on_merge": false,
            "description": "My 2nd practical git repo creation",
            "etag": "W/\"9dbad5dcbbcc6719dd0bdc863030f7893b39616c9cadcf3be18d082d43bec135\"",
            "full_name": "nilSafexp/tera-git2",
            "git_clone_url": "git://github.com/nilSafexp/tera-git2.git",
            "gitignore_template": null,
            "has_downloads": false,
            "has_issues": false,
            "has_projects": false,
            "has_wiki": false,
            "homepage_url": "",
            "html_url": "https://github.com/nilSafexp/tera-git2",
            "http_clone_url": "https://github.com/nilSafexp/tera-git2.git",
            "id": "tera-git2",
            "is_template": false,
            "license_template": null,
            "name": "tera-git2",
            "node_id": "R_kgDOGvNvfQ",
            "pages": [],
            "private": false,
            "repo_id": 452161405,
            "ssh_clone_url": "git@github.com:nilSafexp/tera-git2.git",
            "svn_url": "https://github.com/nilSafexp/tera-git2",
            "template": [],
            "topics": null,
            "visibility": "public",
            "vulnerability_alerts": false
          },
          "sensitive_attributes": [],
          "private": "bnVsbA=="
        }
      ]
    }
  ]
}
