{
  "version": 4,
  "terraform_version": "1.1.2",
  "serial": 3,
  "lineage": "f7460505-795a-1256-e6fc-a3d2995cbe92",
  "outputs": {
    "printfile": {
      "value": "Testing eer;e\n",
      "type": "string"
    }
  },
  "resources": [
    {
      "mode": "managed",
      "type": "aws_key_pair",
      "name": "key-tf",
      "provider": "provider[\"registry.terraform.io/hashicorp/aws\"]",
      "instances": [
        {
          "schema_version": 1,
          "attributes": {
            "arn": "arn:aws:ec2:ap-south-1:252788444803:key-pair/key-tf",
            "fingerprint": "04:9c:4c:db:0f:61:72:0b:d9:ff:29:6c:c6:6d:95:2e",
            "id": "key-tf",
            "key_name": "key-tf",
            "key_name_prefix": "",
            "key_pair_id": "key-050eb37b36825ff77",
            "public_key": "ssh-rsa AAAAB3NzaC1yc2EAAAADAQABAAABgQC9RTSXSAaTTxJlEXHDbgD2zyZORihcecat91oh7S/f0Z6xZT37HSLL9h/LvczxolJkBn8JAC64BzMvLG+5dOGMy5mTyODhGNQQrR9hay0vKwotuSpif0vvZPz57d/lfnsgh6TT/cKEaiPfTJtCm1qbzbNj6c/6ubgRf+CjMxmsABlsRoeCQPoxw4Bs52+QhPi+gD52ARUHjQDwsS/3qO4w3OKGq7gjjwx4lXt9EbrbLOu4PbBR02K0t9yo36ggJUCNbTnZRnyt35QnjlId+SoexFV8mUJLlmTKBegu4Jbe8cqbOGP3naunVRJCd5LdAGuC0S84jhAqKNwIR3buRmGMy1nBfVgw1I1WIVCa0xOpOoYEv2zVFP1kRkUIEBi7SPx6bMZ5ST2XHiTHySSs7izgJxA5aDl06X/yY5qAS4C799UxS54PbuyVsdNgjT57yc7t2A3fgu5rj7wSDsymlErpE+4r5iinxmirw52TwLn/n+PqorIU1IYvVBGDSD55v10= gaikwadn099@pop-os",
            "tags": null,
            "tags_all": {}
          },
          "sensitive_attributes": [],
          "private": "eyJzY2hlbWFfdmVyc2lvbiI6IjEifQ=="
        }
      ]
    }
  ]
}
